
Microsoft Visual Studio Solution File, Format Version 12.00
# Visual Studio 15
VisualStudioVersion = 15.0.28307.1300
MinimumVisualStudioVersion = 10.0.40219.1
Project("{FAE04EC0-301F-11D3-BF4B-00C04F79EFBC}") = "RepositorioWeb", "RepositorioWeb\RepositorioWeb.csproj", "{08B98AA0-6280-46A8-A254-9003EF460685}"
EndProject
Global
	GlobalSection(SolutionConfigurationPlatforms) = preSolution
		Debug|Any CPU = Debug|Any CPU
		Release|Any CPU = Release|Any CPU
	EndGlobalSection
	GlobalSection(ProjectConfigurationPlatforms) = postSolution
		{08B98AA0-6280-46A8-A254-9003EF460685}.Debug|Any CPU.ActiveCfg = Debug|Any CPU
		{08B98AA0-6280-46A8-A254-9003EF460685}.Debug|Any CPU.Build.0 = Debug|Any CPU
		{08B98AA0-6280-46A8-A254-9003EF460685}.Release|Any CPU.ActiveCfg = Release|Any CPU
		{08B98AA0-6280-46A8-A254-9003EF460685}.Release|Any CPU.Build.0 = Release|Any CPU
	EndGlobalSection
	GlobalSection(SolutionProperties) = preSolution
		HideSolutionNode = FALSE
	EndGlobalSection
	GlobalSection(ExtensibilityGlobals) = postSolution
		SolutionGuid = {F15C94D1-1E7E-40F6-873E-7B0D95AC1CCF}
	EndGlobalSection
EndGlobal
